
Microsoft Visual Studio Solution File, Format Version 12.00
# Visual Studio 15
VisualStudioVersion = 15.0.28307.136
MinimumVisualStudioVersion = 10.0.40219.1
Project("{FAE04EC0-301F-11D3-BF4B-00C04F79EFBC}") = "PunktNaehe", "PunktNaehe\PunktNaehe.csproj", "{97F3BF0A-AFAF-4FA1-81FE-1CBD580FDE44}"
EndProject
Project("{FAE04EC0-301F-11D3-BF4B-00C04F79EFBC}") = "PunktNaeheTests", "PunktNaeheTests\PunktNaeheTests.csproj", "{D20A59E1-64F0-4953-9948-61BED372003C}"
EndProject
Global
	GlobalSection(SolutionConfigurationPlatforms) = preSolution
		Debug|Any CPU = Debug|Any CPU
		Release|Any CPU = Release|Any CPU
	EndGlobalSection
	GlobalSection(ProjectConfigurationPlatforms) = postSolution
		{97F3BF0A-AFAF-4FA1-81FE-1CBD580FDE44}.Debug|Any CPU.ActiveCfg = Debug|Any CPU
		{97F3BF0A-AFAF-4FA1-81FE-1CBD580FDE44}.Debug|Any CPU.Build.0 = Debug|Any CPU
		{97F3BF0A-AFAF-4FA1-81FE-1CBD580FDE44}.Release|Any CPU.ActiveCfg = Release|Any CPU
		{97F3BF0A-AFAF-4FA1-81FE-1CBD580FDE44}.Release|Any CPU.Build.0 = Release|Any CPU
		{D20A59E1-64F0-4953-9948-61BED372003C}.Debug|Any CPU.ActiveCfg = Debug|Any CPU
		{D20A59E1-64F0-4953-9948-61BED372003C}.Debug|Any CPU.Build.0 = Debug|Any CPU
		{D20A59E1-64F0-4953-9948-61BED372003C}.Release|Any CPU.ActiveCfg = Release|Any CPU
		{D20A59E1-64F0-4953-9948-61BED372003C}.Release|Any CPU.Build.0 = Release|Any CPU
	EndGlobalSection
	GlobalSection(SolutionProperties) = preSolution
		HideSolutionNode = FALSE
	EndGlobalSection
	GlobalSection(ExtensibilityGlobals) = postSolution
		SolutionGuid = {0046010E-C332-43D3-A00A-35CD9ADA3E7A}
	EndGlobalSection
EndGlobal
